
Microsoft Visual Studio Solution File, Format Version 12.00
# Visual Studio Version 17
VisualStudioVersion = 17.8.34330.188
MinimumVisualStudioVersion = 10.0.40219.1
Project("{9A19103F-16F7-4668-BE54-9A1E7A4F7556}") = "Plataforma", "Plataforma.csproj", "{791A97A4-EE87-44AA-BABF-CBBD7A194BC4}"
EndProject
Project("{2150E333-8FDC-42A3-9474-1A3956D46DE8}") = "Aplicação", "Aplicação", "{6CC1B547-212E-4442-9CCD-A997321F927D}"
EndProject
Project("{2150E333-8FDC-42A3-9474-1A3956D46DE8}") = "Dominios", "Dominios", "{A981617D-46D4-422B-B8A2-C95678E29340}"
EndProject
Project("{2150E333-8FDC-42A3-9474-1A3956D46DE8}") = "Infraestrutura", "Infraestrutura", "{D3F10FA1-E1BE-4458-A597-10EF58562A40}"
EndProject
Project("{2150E333-8FDC-42A3-9474-1A3956D46DE8}") = "Servicos", "Servicos", "{E8F93C6E-37BE-428E-999A-8D3D62348A8F}"
EndProject
Project("{2150E333-8FDC-42A3-9474-1A3956D46DE8}") = "Testes", "Testes", "{471A8A4A-CE17-4ECD-B70C-E0B178448354}"
EndProject
Project("{9A19103F-16F7-4668-BE54-9A1E7A4F7556}") = "Dominio", "..\Dominio\Dominio.csproj", "{256A7C05-BB40-48BE-813D-DB11A3029460}"
EndProject
Project("{9A19103F-16F7-4668-BE54-9A1E7A4F7556}") = "Infra.CrossCutting", "..\Infra.CrossCutting\Infra.CrossCutting.csproj", "{728FFEAF-6CC4-4364-810F-D2AFE1FE5997}"
EndProject
Project("{9A19103F-16F7-4668-BE54-9A1E7A4F7556}") = "Infra.Data", "..\Infra.Data\Infra.Data.csproj", "{F34F7F87-2316-438C-9C23-94D894F2EBFB}"
EndProject
Project("{9A19103F-16F7-4668-BE54-9A1E7A4F7556}") = "Infra.Ioc", "..\Infra.Ioc\Infra.Ioc.csproj", "{E06CAB05-A251-400B-B6F0-9934E8C75181}"
EndProject
Project("{9A19103F-16F7-4668-BE54-9A1E7A4F7556}") = "Service", "..\Service\Service.csproj", "{B0B44E50-CB22-4250-90DB-4BF017FFF56E}"
EndProject
Project("{9A19103F-16F7-4668-BE54-9A1E7A4F7556}") = "Teste", "..\Teste\Teste.csproj", "{EB34C8FB-C88E-4888-A077-CCD3A57AF14F}"
EndProject
Project("{2150E333-8FDC-42A3-9474-1A3956D46DE8}") = "BackgroundJobs", "BackgroundJobs", "{DC030117-4D73-4CEA-90FB-11D444284D46}"
EndProject
Project("{FAE04EC0-301F-11D3-BF4B-00C04F79EFBC}") = "Jobs", "..\Jobs\Jobs.csproj", "{C8E0D55A-8B4E-4F8B-A74C-346740AF800B}"
EndProject
Global
	GlobalSection(SolutionConfigurationPlatforms) = preSolution
		Debug|Any CPU = Debug|Any CPU
		Release|Any CPU = Release|Any CPU
	EndGlobalSection
	GlobalSection(ProjectConfigurationPlatforms) = postSolution
		{791A97A4-EE87-44AA-BABF-CBBD7A194BC4}.Debug|Any CPU.ActiveCfg = Debug|Any CPU
		{791A97A4-EE87-44AA-BABF-CBBD7A194BC4}.Debug|Any CPU.Build.0 = Debug|Any CPU
		{791A97A4-EE87-44AA-BABF-CBBD7A194BC4}.Release|Any CPU.ActiveCfg = Release|Any CPU
		{791A97A4-EE87-44AA-BABF-CBBD7A194BC4}.Release|Any CPU.Build.0 = Release|Any CPU
		{256A7C05-BB40-48BE-813D-DB11A3029460}.Debug|Any CPU.ActiveCfg = Debug|Any CPU
		{256A7C05-BB40-48BE-813D-DB11A3029460}.Debug|Any CPU.Build.0 = Debug|Any CPU
		{256A7C05-BB40-48BE-813D-DB11A3029460}.Release|Any CPU.ActiveCfg = Release|Any CPU
		{256A7C05-BB40-48BE-813D-DB11A3029460}.Release|Any CPU.Build.0 = Release|Any CPU
		{728FFEAF-6CC4-4364-810F-D2AFE1FE5997}.Debug|Any CPU.ActiveCfg = Debug|Any CPU
		{728FFEAF-6CC4-4364-810F-D2AFE1FE5997}.Debug|Any CPU.Build.0 = Debug|Any CPU
		{728FFEAF-6CC4-4364-810F-D2AFE1FE5997}.Release|Any CPU.ActiveCfg = Release|Any CPU
		{728FFEAF-6CC4-4364-810F-D2AFE1FE5997}.Release|Any CPU.Build.0 = Release|Any CPU
		{F34F7F87-2316-438C-9C23-94D894F2EBFB}.Debug|Any CPU.ActiveCfg = Debug|Any CPU
		{F34F7F87-2316-438C-9C23-94D894F2EBFB}.Debug|Any CPU.Build.0 = Debug|Any CPU
		{F34F7F87-2316-438C-9C23-94D894F2EBFB}.Release|Any CPU.ActiveCfg = Release|Any CPU
		{F34F7F87-2316-438C-9C23-94D894F2EBFB}.Release|Any CPU.Build.0 = Release|Any CPU
		{E06CAB05-A251-400B-B6F0-9934E8C75181}.Debug|Any CPU.ActiveCfg = Debug|Any CPU
		{E06CAB05-A251-400B-B6F0-9934E8C75181}.Debug|Any CPU.Build.0 = Debug|Any CPU
		{E06CAB05-A251-400B-B6F0-9934E8C75181}.Release|Any CPU.ActiveCfg = Release|Any CPU
		{E06CAB05-A251-400B-B6F0-9934E8C75181}.Release|Any CPU.Build.0 = Release|Any CPU
		{B0B44E50-CB22-4250-90DB-4BF017FFF56E}.Debug|Any CPU.ActiveCfg = Debug|Any CPU
		{B0B44E50-CB22-4250-90DB-4BF017FFF56E}.Debug|Any CPU.Build.0 = Debug|Any CPU
		{B0B44E50-CB22-4250-90DB-4BF017FFF56E}.Release|Any CPU.ActiveCfg = Release|Any CPU
		{B0B44E50-CB22-4250-90DB-4BF017FFF56E}.Release|Any CPU.Build.0 = Release|Any CPU
		{EB34C8FB-C88E-4888-A077-CCD3A57AF14F}.Debug|Any CPU.ActiveCfg = Debug|Any CPU
		{EB34C8FB-C88E-4888-A077-CCD3A57AF14F}.Debug|Any CPU.Build.0 = Debug|Any CPU
		{EB34C8FB-C88E-4888-A077-CCD3A57AF14F}.Release|Any CPU.ActiveCfg = Release|Any CPU
		{EB34C8FB-C88E-4888-A077-CCD3A57AF14F}.Release|Any CPU.Build.0 = Release|Any CPU
		{C8E0D55A-8B4E-4F8B-A74C-346740AF800B}.Debug|Any CPU.ActiveCfg = Debug|Any CPU
		{C8E0D55A-8B4E-4F8B-A74C-346740AF800B}.Debug|Any CPU.Build.0 = Debug|Any CPU
		{C8E0D55A-8B4E-4F8B-A74C-346740AF800B}.Release|Any CPU.ActiveCfg = Release|Any CPU
		{C8E0D55A-8B4E-4F8B-A74C-346740AF800B}.Release|Any CPU.Build.0 = Release|Any CPU
	EndGlobalSection
	GlobalSection(SolutionProperties) = preSolution
		HideSolutionNode = FALSE
	EndGlobalSection
	GlobalSection(NestedProjects) = preSolution
		{791A97A4-EE87-44AA-BABF-CBBD7A194BC4} = {6CC1B547-212E-4442-9CCD-A997321F927D}
		{256A7C05-BB40-48BE-813D-DB11A3029460} = {A981617D-46D4-422B-B8A2-C95678E29340}
		{728FFEAF-6CC4-4364-810F-D2AFE1FE5997} = {D3F10FA1-E1BE-4458-A597-10EF58562A40}
		{F34F7F87-2316-438C-9C23-94D894F2EBFB} = {D3F10FA1-E1BE-4458-A597-10EF58562A40}
		{E06CAB05-A251-400B-B6F0-9934E8C75181} = {D3F10FA1-E1BE-4458-A597-10EF58562A40}
		{B0B44E50-CB22-4250-90DB-4BF017FFF56E} = {E8F93C6E-37BE-428E-999A-8D3D62348A8F}
		{EB34C8FB-C88E-4888-A077-CCD3A57AF14F} = {471A8A4A-CE17-4ECD-B70C-E0B178448354}
		{C8E0D55A-8B4E-4F8B-A74C-346740AF800B} = {DC030117-4D73-4CEA-90FB-11D444284D46}
	EndGlobalSection
	GlobalSection(ExtensibilityGlobals) = postSolution
		SolutionGuid = {411277D0-092C-44DC-A866-DB417C959677}
	EndGlobalSection
EndGlobal
